
Microsoft Visual Studio Solution File, Format Version 12.00
# Visual Studio 15
VisualStudioVersion = 15.0.27703.2026
MinimumVisualStudioVersion = 10.0.40219.1
Project("{FAE04EC0-301F-11D3-BF4B-00C04F79EFBC}") = "Paranoia", "Paranoia\Paranoia.csproj", "{F12E5F09-4159-48EB-9E32-1224DA76055D}"
EndProject
Global
	GlobalSection(SolutionConfigurationPlatforms) = preSolution
		Debug|Any CPU = Debug|Any CPU
		Release|Any CPU = Release|Any CPU
	EndGlobalSection
	GlobalSection(ProjectConfigurationPlatforms) = postSolution
		{F12E5F09-4159-48EB-9E32-1224DA76055D}.Debug|Any CPU.ActiveCfg = Debug|Any CPU
		{F12E5F09-4159-48EB-9E32-1224DA76055D}.Debug|Any CPU.Build.0 = Debug|Any CPU
		{F12E5F09-4159-48EB-9E32-1224DA76055D}.Release|Any CPU.ActiveCfg = Release|Any CPU
		{F12E5F09-4159-48EB-9E32-1224DA76055D}.Release|Any CPU.Build.0 = Release|Any CPU
	EndGlobalSection
	GlobalSection(SolutionProperties) = preSolution
		HideSolutionNode = FALSE
	EndGlobalSection
	GlobalSection(ExtensibilityGlobals) = postSolution
		SolutionGuid = {A07F6F16-74AD-4FB9-98CE-CB7E9AE6A54E}
	EndGlobalSection
EndGlobal
